
Microsoft Visual Studio Solution File, Format Version 12.00
Project("{FAE04EC0-301F-11D3-BF4B-00C04F79EFBC}") = "brewery-api", "brewery-api\brewery-api.csproj", "{D3B23AA7-62F7-4B4C-99C0-4C05EDC69A0B}"
EndProject
Project("{FAE04EC0-301F-11D3-BF4B-00C04F79EFBC}") = "brewery-unit-tests", "brewery-unit-tests\brewery-unit-tests.csproj", "{1687BAD6-381F-46C4-98D3-EFB47EFE88D8}"
EndProject
Global
	GlobalSection(SolutionConfigurationPlatforms) = preSolution
		Debug|Any CPU = Debug|Any CPU
		Release|Any CPU = Release|Any CPU
	EndGlobalSection
	GlobalSection(ProjectConfigurationPlatforms) = postSolution
		{D3B23AA7-62F7-4B4C-99C0-4C05EDC69A0B}.Debug|Any CPU.ActiveCfg = Debug|Any CPU
		{D3B23AA7-62F7-4B4C-99C0-4C05EDC69A0B}.Debug|Any CPU.Build.0 = Debug|Any CPU
		{D3B23AA7-62F7-4B4C-99C0-4C05EDC69A0B}.Release|Any CPU.ActiveCfg = Release|Any CPU
		{D3B23AA7-62F7-4B4C-99C0-4C05EDC69A0B}.Release|Any CPU.Build.0 = Release|Any CPU
		{1687BAD6-381F-46C4-98D3-EFB47EFE88D8}.Debug|Any CPU.ActiveCfg = Debug|Any CPU
		{1687BAD6-381F-46C4-98D3-EFB47EFE88D8}.Debug|Any CPU.Build.0 = Debug|Any CPU
		{1687BAD6-381F-46C4-98D3-EFB47EFE88D8}.Release|Any CPU.ActiveCfg = Release|Any CPU
		{1687BAD6-381F-46C4-98D3-EFB47EFE88D8}.Release|Any CPU.Build.0 = Release|Any CPU
	EndGlobalSection
EndGlobal
